
Microsoft Visual Studio Solution File, Format Version 12.00
# Visual Studio Version 16
VisualStudioVersion = 16.0.30523.141
MinimumVisualStudioVersion = 10.0.40219.1
Project("{FAE04EC0-301F-11D3-BF4B-00C04F79EFBC}") = "All Purpose Calc", "SuperCalc\All Purpose Calc.csproj", "{6EBB8653-C994-4D13-B017-1B8446EB155A}"
EndProject
Project("{C7167F0D-BC9F-4E6E-AFE1-012C56B48DB5}") = "All Puspose Calc", "All Puspose Calc\All Puspose Calc.wapproj", "{57CAF5A3-FBBC-4C1D-BD0A-908D98639F09}"
EndProject
Global
	GlobalSection(SolutionConfigurationPlatforms) = preSolution
		Debug|Any CPU = Debug|Any CPU
		Debug|ARM = Debug|ARM
		Debug|ARM64 = Debug|ARM64
		Debug|x64 = Debug|x64
		Debug|x86 = Debug|x86
		Release|Any CPU = Release|Any CPU
		Release|ARM = Release|ARM
		Release|ARM64 = Release|ARM64
		Release|x64 = Release|x64
		Release|x86 = Release|x86
	EndGlobalSection
	GlobalSection(ProjectConfigurationPlatforms) = postSolution
		{6EBB8653-C994-4D13-B017-1B8446EB155A}.Debug|Any CPU.ActiveCfg = Debug|Any CPU
		{6EBB8653-C994-4D13-B017-1B8446EB155A}.Debug|Any CPU.Build.0 = Debug|Any CPU
		{6EBB8653-C994-4D13-B017-1B8446EB155A}.Debug|ARM.ActiveCfg = Debug|Any CPU
		{6EBB8653-C994-4D13-B017-1B8446EB155A}.Debug|ARM.Build.0 = Debug|Any CPU
		{6EBB8653-C994-4D13-B017-1B8446EB155A}.Debug|ARM64.ActiveCfg = Debug|Any CPU
		{6EBB8653-C994-4D13-B017-1B8446EB155A}.Debug|ARM64.Build.0 = Debug|Any CPU
		{6EBB8653-C994-4D13-B017-1B8446EB155A}.Debug|x64.ActiveCfg = Debug|Any CPU
		{6EBB8653-C994-4D13-B017-1B8446EB155A}.Debug|x64.Build.0 = Debug|Any CPU
		{6EBB8653-C994-4D13-B017-1B8446EB155A}.Debug|x86.ActiveCfg = Debug|Any CPU
		{6EBB8653-C994-4D13-B017-1B8446EB155A}.Debug|x86.Build.0 = Debug|Any CPU
		{6EBB8653-C994-4D13-B017-1B8446EB155A}.Release|Any CPU.ActiveCfg = Release|Any CPU
		{6EBB8653-C994-4D13-B017-1B8446EB155A}.Release|Any CPU.Build.0 = Release|Any CPU
		{6EBB8653-C994-4D13-B017-1B8446EB155A}.Release|ARM.ActiveCfg = Release|Any CPU
		{6EBB8653-C994-4D13-B017-1B8446EB155A}.Release|ARM.Build.0 = Release|Any CPU
		{6EBB8653-C994-4D13-B017-1B8446EB155A}.Release|ARM64.ActiveCfg = Release|Any CPU
		{6EBB8653-C994-4D13-B017-1B8446EB155A}.Release|ARM64.Build.0 = Release|Any CPU
		{6EBB8653-C994-4D13-B017-1B8446EB155A}.Release|x64.ActiveCfg = Release|Any CPU
		{6EBB8653-C994-4D13-B017-1B8446EB155A}.Release|x64.Build.0 = Release|Any CPU
		{6EBB8653-C994-4D13-B017-1B8446EB155A}.Release|x86.ActiveCfg = Release|Any CPU
		{6EBB8653-C994-4D13-B017-1B8446EB155A}.Release|x86.Build.0 = Release|Any CPU
		{57CAF5A3-FBBC-4C1D-BD0A-908D98639F09}.Debug|Any CPU.ActiveCfg = Debug|Any CPU
		{57CAF5A3-FBBC-4C1D-BD0A-908D98639F09}.Debug|Any CPU.Build.0 = Debug|Any CPU
		{57CAF5A3-FBBC-4C1D-BD0A-908D98639F09}.Debug|Any CPU.Deploy.0 = Debug|Any CPU
		{57CAF5A3-FBBC-4C1D-BD0A-908D98639F09}.Debug|ARM.ActiveCfg = Debug|ARM
		{57CAF5A3-FBBC-4C1D-BD0A-908D98639F09}.Debug|ARM.Build.0 = Debug|ARM
		{57CAF5A3-FBBC-4C1D-BD0A-908D98639F09}.Debug|ARM.Deploy.0 = Debug|ARM
		{57CAF5A3-FBBC-4C1D-BD0A-908D98639F09}.Debug|ARM64.ActiveCfg = Debug|ARM64
		{57CAF5A3-FBBC-4C1D-BD0A-908D98639F09}.Debug|ARM64.Build.0 = Debug|ARM64
		{57CAF5A3-FBBC-4C1D-BD0A-908D98639F09}.Debug|ARM64.Deploy.0 = Debug|ARM64
		{57CAF5A3-FBBC-4C1D-BD0A-908D98639F09}.Debug|x64.ActiveCfg = Debug|x64
		{57CAF5A3-FBBC-4C1D-BD0A-908D98639F09}.Debug|x64.Build.0 = Debug|x64
		{57CAF5A3-FBBC-4C1D-BD0A-908D98639F09}.Debug|x64.Deploy.0 = Debug|x64
		{57CAF5A3-FBBC-4C1D-BD0A-908D98639F09}.Debug|x86.ActiveCfg = Debug|x86
		{57CAF5A3-FBBC-4C1D-BD0A-908D98639F09}.Debug|x86.Build.0 = Debug|x86
		{57CAF5A3-FBBC-4C1D-BD0A-908D98639F09}.Debug|x86.Deploy.0 = Debug|x86
		{57CAF5A3-FBBC-4C1D-BD0A-908D98639F09}.Release|Any CPU.ActiveCfg = Release|Any CPU
		{57CAF5A3-FBBC-4C1D-BD0A-908D98639F09}.Release|Any CPU.Build.0 = Release|Any CPU
		{57CAF5A3-FBBC-4C1D-BD0A-908D98639F09}.Release|Any CPU.Deploy.0 = Release|Any CPU
		{57CAF5A3-FBBC-4C1D-BD0A-908D98639F09}.Release|ARM.ActiveCfg = Release|ARM
		{57CAF5A3-FBBC-4C1D-BD0A-908D98639F09}.Release|ARM.Build.0 = Release|ARM
		{57CAF5A3-FBBC-4C1D-BD0A-908D98639F09}.Release|ARM.Deploy.0 = Release|ARM
		{57CAF5A3-FBBC-4C1D-BD0A-908D98639F09}.Release|ARM64.ActiveCfg = Release|ARM64
		{57CAF5A3-FBBC-4C1D-BD0A-908D98639F09}.Release|ARM64.Build.0 = Release|ARM64
		{57CAF5A3-FBBC-4C1D-BD0A-908D98639F09}.Release|ARM64.Deploy.0 = Release|ARM64
		{57CAF5A3-FBBC-4C1D-BD0A-908D98639F09}.Release|x64.ActiveCfg = Release|x64
		{57CAF5A3-FBBC-4C1D-BD0A-908D98639F09}.Release|x64.Build.0 = Release|x64
		{57CAF5A3-FBBC-4C1D-BD0A-908D98639F09}.Release|x64.Deploy.0 = Release|x64
		{57CAF5A3-FBBC-4C1D-BD0A-908D98639F09}.Release|x86.ActiveCfg = Release|x86
		{57CAF5A3-FBBC-4C1D-BD0A-908D98639F09}.Release|x86.Build.0 = Release|x86
		{57CAF5A3-FBBC-4C1D-BD0A-908D98639F09}.Release|x86.Deploy.0 = Release|x86
	EndGlobalSection
	GlobalSection(SolutionProperties) = preSolution
		HideSolutionNode = FALSE
	EndGlobalSection
	GlobalSection(ExtensibilityGlobals) = postSolution
		SolutionGuid = {88898EF3-10D8-4F45-BC55-D37BB6F62596}
	EndGlobalSection
EndGlobal
